
Microsoft Visual Studio Solution File, Format Version 12.00
# Visual Studio Version 16
VisualStudioVersion = 16.0.31112.23
MinimumVisualStudioVersion = 10.0.40219.1
Project("{FAE04EC0-301F-11D3-BF4B-00C04F79EFBC}") = "Hello World Tabbed.UWP", "Hello World Tabbed\Hello World Tabbed.UWP\Hello World Tabbed.UWP.csproj", "{7A22EF56-587C-4CF2-9E92-EBB5E6161A18}"
EndProject
Project("{FAE04EC0-301F-11D3-BF4B-00C04F79EFBC}") = "Hello World Tabbed.Android", "Hello World Tabbed\Hello World Tabbed.Android\Hello World Tabbed.Android.csproj", "{568BC77E-91F9-4CD8-B327-94A98343770D}"
EndProject
Project("{FAE04EC0-301F-11D3-BF4B-00C04F79EFBC}") = "Hello World Tabbed.iOS", "Hello World Tabbed\Hello World Tabbed.iOS\Hello World Tabbed.iOS.csproj", "{5E7DF852-2615-42B0-AFAE-0A4FDC9B2B04}"
EndProject
Project("{FAE04EC0-301F-11D3-BF4B-00C04F79EFBC}") = "Hello World Tabbed", "Hello World Tabbed\Hello World Tabbed\Hello World Tabbed.csproj", "{FB59C74B-6151-4422-AEFF-9D75CD65CECC}"
EndProject
Global
	GlobalSection(SolutionConfigurationPlatforms) = preSolution
		Debug|Any CPU = Debug|Any CPU
		Debug|ARM = Debug|ARM
		Debug|iPhone = Debug|iPhone
		Debug|iPhoneSimulator = Debug|iPhoneSimulator
		Debug|x64 = Debug|x64
		Debug|x86 = Debug|x86
		Release|Any CPU = Release|Any CPU
		Release|ARM = Release|ARM
		Release|iPhone = Release|iPhone
		Release|iPhoneSimulator = Release|iPhoneSimulator
		Release|x64 = Release|x64
		Release|x86 = Release|x86
	EndGlobalSection
	GlobalSection(ProjectConfigurationPlatforms) = postSolution
		{7A22EF56-587C-4CF2-9E92-EBB5E6161A18}.Debug|Any CPU.ActiveCfg = Debug|x86
		{7A22EF56-587C-4CF2-9E92-EBB5E6161A18}.Debug|Any CPU.Build.0 = Debug|x86
		{7A22EF56-587C-4CF2-9E92-EBB5E6161A18}.Debug|Any CPU.Deploy.0 = Debug|x86
		{7A22EF56-587C-4CF2-9E92-EBB5E6161A18}.Debug|ARM.ActiveCfg = Debug|ARM
		{7A22EF56-587C-4CF2-9E92-EBB5E6161A18}.Debug|ARM.Build.0 = Debug|ARM
		{7A22EF56-587C-4CF2-9E92-EBB5E6161A18}.Debug|ARM.Deploy.0 = Debug|ARM
		{7A22EF56-587C-4CF2-9E92-EBB5E6161A18}.Debug|iPhone.ActiveCfg = Debug|x86
		{7A22EF56-587C-4CF2-9E92-EBB5E6161A18}.Debug|iPhone.Build.0 = Debug|x86
		{7A22EF56-587C-4CF2-9E92-EBB5E6161A18}.Debug|iPhone.Deploy.0 = Debug|x86
		{7A22EF56-587C-4CF2-9E92-EBB5E6161A18}.Debug|iPhoneSimulator.ActiveCfg = Debug|x86
		{7A22EF56-587C-4CF2-9E92-EBB5E6161A18}.Debug|iPhoneSimulator.Build.0 = Debug|x86
		{7A22EF56-587C-4CF2-9E92-EBB5E6161A18}.Debug|iPhoneSimulator.Deploy.0 = Debug|x86
		{7A22EF56-587C-4CF2-9E92-EBB5E6161A18}.Debug|x64.ActiveCfg = Debug|x64
		{7A22EF56-587C-4CF2-9E92-EBB5E6161A18}.Debug|x64.Build.0 = Debug|x64
		{7A22EF56-587C-4CF2-9E92-EBB5E6161A18}.Debug|x64.Deploy.0 = Debug|x64
		{7A22EF56-587C-4CF2-9E92-EBB5E6161A18}.Debug|x86.ActiveCfg = Debug|x86
		{7A22EF56-587C-4CF2-9E92-EBB5E6161A18}.Debug|x86.Build.0 = Debug|x86
		{7A22EF56-587C-4CF2-9E92-EBB5E6161A18}.Debug|x86.Deploy.0 = Debug|x86
		{7A22EF56-587C-4CF2-9E92-EBB5E6161A18}.Release|Any CPU.ActiveCfg = Release|x86
		{7A22EF56-587C-4CF2-9E92-EBB5E6161A18}.Release|Any CPU.Build.0 = Release|x86
		{7A22EF56-587C-4CF2-9E92-EBB5E6161A18}.Release|Any CPU.Deploy.0 = Release|x86
		{7A22EF56-587C-4CF2-9E92-EBB5E6161A18}.Release|ARM.ActiveCfg = Release|ARM
		{7A22EF56-587C-4CF2-9E92-EBB5E6161A18}.Release|ARM.Build.0 = Release|ARM
		{7A22EF56-587C-4CF2-9E92-EBB5E6161A18}.Release|ARM.Deploy.0 = Release|ARM
		{7A22EF56-587C-4CF2-9E92-EBB5E6161A18}.Release|iPhone.ActiveCfg = Release|x86
		{7A22EF56-587C-4CF2-9E92-EBB5E6161A18}.Release|iPhone.Build.0 = Release|x86
		{7A22EF56-587C-4CF2-9E92-EBB5E6161A18}.Release|iPhone.Deploy.0 = Release|x86
		{7A22EF56-587C-4CF2-9E92-EBB5E6161A18}.Release|iPhoneSimulator.ActiveCfg = Release|x86
		{7A22EF56-587C-4CF2-9E92-EBB5E6161A18}.Release|iPhoneSimulator.Build.0 = Release|x86
		{7A22EF56-587C-4CF2-9E92-EBB5E6161A18}.Release|iPhoneSimulator.Deploy.0 = Release|x86
		{7A22EF56-587C-4CF2-9E92-EBB5E6161A18}.Release|x64.ActiveCfg = Release|x64
		{7A22EF56-587C-4CF2-9E92-EBB5E6161A18}.Release|x64.Build.0 = Release|x64
		{7A22EF56-587C-4CF2-9E92-EBB5E6161A18}.Release|x64.Deploy.0 = Release|x64
		{7A22EF56-587C-4CF2-9E92-EBB5E6161A18}.Release|x86.ActiveCfg = Release|x86
		{7A22EF56-587C-4CF2-9E92-EBB5E6161A18}.Release|x86.Build.0 = Release|x86
		{7A22EF56-587C-4CF2-9E92-EBB5E6161A18}.Release|x86.Deploy.0 = Release|x86
		{568BC77E-91F9-4CD8-B327-94A98343770D}.Debug|Any CPU.ActiveCfg = Debug|Any CPU
		{568BC77E-91F9-4CD8-B327-94A98343770D}.Debug|Any CPU.Build.0 = Debug|Any CPU
		{568BC77E-91F9-4CD8-B327-94A98343770D}.Debug|Any CPU.Deploy.0 = Debug|Any CPU
		{568BC77E-91F9-4CD8-B327-94A98343770D}.Debug|ARM.ActiveCfg = Debug|Any CPU
		{568BC77E-91F9-4CD8-B327-94A98343770D}.Debug|ARM.Build.0 = Debug|Any CPU
		{568BC77E-91F9-4CD8-B327-94A98343770D}.Debug|ARM.Deploy.0 = Debug|Any CPU
		{568BC77E-91F9-4CD8-B327-94A98343770D}.Debug|iPhone.ActiveCfg = Debug|Any CPU
		{568BC77E-91F9-4CD8-B327-94A98343770D}.Debug|iPhone.Build.0 = Debug|Any CPU
		{568BC77E-91F9-4CD8-B327-94A98343770D}.Debug|iPhone.Deploy.0 = Debug|Any CPU
		{568BC77E-91F9-4CD8-B327-94A98343770D}.Debug|iPhoneSimulator.ActiveCfg = Debug|Any CPU
		{568BC77E-91F9-4CD8-B327-94A98343770D}.Debug|iPhoneSimulator.Build.0 = Debug|Any CPU
		{568BC77E-91F9-4CD8-B327-94A98343770D}.Debug|iPhoneSimulator.Deploy.0 = Debug|Any CPU
		{568BC77E-91F9-4CD8-B327-94A98343770D}.Debug|x64.ActiveCfg = Debug|Any CPU
		{568BC77E-91F9-4CD8-B327-94A98343770D}.Debug|x64.Build.0 = Debug|Any CPU
		{568BC77E-91F9-4CD8-B327-94A98343770D}.Debug|x64.Deploy.0 = Debug|Any CPU
		{568BC77E-91F9-4CD8-B327-94A98343770D}.Debug|x86.ActiveCfg = Debug|Any CPU
		{568BC77E-91F9-4CD8-B327-94A98343770D}.Debug|x86.Build.0 = Debug|Any CPU
		{568BC77E-91F9-4CD8-B327-94A98343770D}.Debug|x86.Deploy.0 = Debug|Any CPU
		{568BC77E-91F9-4CD8-B327-94A98343770D}.Release|Any CPU.ActiveCfg = Release|Any CPU
		{568BC77E-91F9-4CD8-B327-94A98343770D}.Release|Any CPU.Build.0 = Release|Any CPU
		{568BC77E-91F9-4CD8-B327-94A98343770D}.Release|Any CPU.Deploy.0 = Release|Any CPU
		{568BC77E-91F9-4CD8-B327-94A98343770D}.Release|ARM.ActiveCfg = Release|Any CPU
		{568BC77E-91F9-4CD8-B327-94A98343770D}.Release|ARM.Build.0 = Release|Any CPU
		{568BC77E-91F9-4CD8-B327-94A98343770D}.Release|ARM.Deploy.0 = Release|Any CPU
		{568BC77E-91F9-4CD8-B327-94A98343770D}.Release|iPhone.ActiveCfg = Release|Any CPU
		{568BC77E-91F9-4CD8-B327-94A98343770D}.Release|iPhone.Build.0 = Release|Any CPU
		{568BC77E-91F9-4CD8-B327-94A98343770D}.Release|iPhone.Deploy.0 = Release|Any CPU
		{568BC77E-91F9-4CD8-B327-94A98343770D}.Release|iPhoneSimulator.ActiveCfg = Release|Any CPU
		{568BC77E-91F9-4CD8-B327-94A98343770D}.Release|iPhoneSimulator.Build.0 = Release|Any CPU
		{568BC77E-91F9-4CD8-B327-94A98343770D}.Release|iPhoneSimulator.Deploy.0 = Release|Any CPU
		{568BC77E-91F9-4CD8-B327-94A98343770D}.Release|x64.ActiveCfg = Release|Any CPU
		{568BC77E-91F9-4CD8-B327-94A98343770D}.Release|x64.Build.0 = Release|Any CPU
		{568BC77E-91F9-4CD8-B327-94A98343770D}.Release|x64.Deploy.0 = Release|Any CPU
		{568BC77E-91F9-4CD8-B327-94A98343770D}.Release|x86.ActiveCfg = Release|Any CPU
		{568BC77E-91F9-4CD8-B327-94A98343770D}.Release|x86.Build.0 = Release|Any CPU
		{568BC77E-91F9-4CD8-B327-94A98343770D}.Release|x86.Deploy.0 = Release|Any CPU
		{5E7DF852-2615-42B0-AFAE-0A4FDC9B2B04}.Debug|Any CPU.ActiveCfg = Debug|iPhoneSimulator
		{5E7DF852-2615-42B0-AFAE-0A4FDC9B2B04}.Debug|Any CPU.Build.0 = Debug|iPhoneSimulator
		{5E7DF852-2615-42B0-AFAE-0A4FDC9B2B04}.Debug|Any CPU.Deploy.0 = Debug|iPhoneSimulator
		{5E7DF852-2615-42B0-AFAE-0A4FDC9B2B04}.Debug|ARM.ActiveCfg = Debug|iPhone
		{5E7DF852-2615-42B0-AFAE-0A4FDC9B2B04}.Debug|ARM.Build.0 = Debug|iPhone
		{5E7DF852-2615-42B0-AFAE-0A4FDC9B2B04}.Debug|ARM.Deploy.0 = Debug|iPhone
		{5E7DF852-2615-42B0-AFAE-0A4FDC9B2B04}.Debug|iPhone.ActiveCfg = Debug|iPhone
		{5E7DF852-2615-42B0-AFAE-0A4FDC9B2B04}.Debug|iPhone.Build.0 = Debug|iPhone
		{5E7DF852-2615-42B0-AFAE-0A4FDC9B2B04}.Debug|iPhone.Deploy.0 = Debug|iPhone
		{5E7DF852-2615-42B0-AFAE-0A4FDC9B2B04}.Debug|iPhoneSimulator.ActiveCfg = Debug|iPhoneSimulator
		{5E7DF852-2615-42B0-AFAE-0A4FDC9B2B04}.Debug|iPhoneSimulator.Build.0 = Debug|iPhoneSimulator
		{5E7DF852-2615-42B0-AFAE-0A4FDC9B2B04}.Debug|iPhoneSimulator.Deploy.0 = Debug|iPhoneSimulator
		{5E7DF852-2615-42B0-AFAE-0A4FDC9B2B04}.Debug|x64.ActiveCfg = Debug|iPhoneSimulator
		{5E7DF852-2615-42B0-AFAE-0A4FDC9B2B04}.Debug|x64.Build.0 = Debug|iPhoneSimulator
		{5E7DF852-2615-42B0-AFAE-0A4FDC9B2B04}.Debug|x64.Deploy.0 = Debug|iPhoneSimulator
		{5E7DF852-2615-42B0-AFAE-0A4FDC9B2B04}.Debug|x86.ActiveCfg = Debug|iPhoneSimulator
		{5E7DF852-2615-42B0-AFAE-0A4FDC9B2B04}.Debug|x86.Build.0 = Debug|iPhoneSimulator
		{5E7DF852-2615-42B0-AFAE-0A4FDC9B2B04}.Debug|x86.Deploy.0 = Debug|iPhoneSimulator
		{5E7DF852-2615-42B0-AFAE-0A4FDC9B2B04}.Release|Any CPU.ActiveCfg = Release|iPhoneSimulator
		{5E7DF852-2615-42B0-AFAE-0A4FDC9B2B04}.Release|Any CPU.Build.0 = Release|iPhoneSimulator
		{5E7DF852-2615-42B0-AFAE-0A4FDC9B2B04}.Release|Any CPU.Deploy.0 = Release|iPhoneSimulator
		{5E7DF852-2615-42B0-AFAE-0A4FDC9B2B04}.Release|ARM.ActiveCfg = Release|iPhoneSimulator
		{5E7DF852-2615-42B0-AFAE-0A4FDC9B2B04}.Release|ARM.Build.0 = Release|iPhoneSimulator
		{5E7DF852-2615-42B0-AFAE-0A4FDC9B2B04}.Release|ARM.Deploy.0 = Release|iPhoneSimulator
		{5E7DF852-2615-42B0-AFAE-0A4FDC9B2B04}.Release|iPhone.ActiveCfg = Release|iPhone
		{5E7DF852-2615-42B0-AFAE-0A4FDC9B2B04}.Release|iPhone.Build.0 = Release|iPhone
		{5E7DF852-2615-42B0-AFAE-0A4FDC9B2B04}.Release|iPhone.Deploy.0 = Release|iPhone
		{5E7DF852-2615-42B0-AFAE-0A4FDC9B2B04}.Release|iPhoneSimulator.ActiveCfg = Release|iPhoneSimulator
		{5E7DF852-2615-42B0-AFAE-0A4FDC9B2B04}.Release|iPhoneSimulator.Build.0 = Release|iPhoneSimulator
		{5E7DF852-2615-42B0-AFAE-0A4FDC9B2B04}.Release|iPhoneSimulator.Deploy.0 = Release|iPhoneSimulator
		{5E7DF852-2615-42B0-AFAE-0A4FDC9B2B04}.Release|x64.ActiveCfg = Release|iPhoneSimulator
		{5E7DF852-2615-42B0-AFAE-0A4FDC9B2B04}.Release|x64.Build.0 = Release|iPhoneSimulator
		{5E7DF852-2615-42B0-AFAE-0A4FDC9B2B04}.Release|x64.Deploy.0 = Release|iPhoneSimulator
		{5E7DF852-2615-42B0-AFAE-0A4FDC9B2B04}.Release|x86.ActiveCfg = Release|iPhoneSimulator
		{5E7DF852-2615-42B0-AFAE-0A4FDC9B2B04}.Release|x86.Build.0 = Release|iPhoneSimulator
		{5E7DF852-2615-42B0-AFAE-0A4FDC9B2B04}.Release|x86.Deploy.0 = Release|iPhoneSimulator
		{FB59C74B-6151-4422-AEFF-9D75CD65CECC}.Debug|Any CPU.ActiveCfg = Debug|Any CPU
		{FB59C74B-6151-4422-AEFF-9D75CD65CECC}.Debug|Any CPU.Build.0 = Debug|Any CPU
		{FB59C74B-6151-4422-AEFF-9D75CD65CECC}.Debug|Any CPU.Deploy.0 = Debug|Any CPU
		{FB59C74B-6151-4422-AEFF-9D75CD65CECC}.Debug|ARM.ActiveCfg = Debug|Any CPU
		{FB59C74B-6151-4422-AEFF-9D75CD65CECC}.Debug|ARM.Build.0 = Debug|Any CPU
		{FB59C74B-6151-4422-AEFF-9D75CD65CECC}.Debug|ARM.Deploy.0 = Debug|Any CPU
		{FB59C74B-6151-4422-AEFF-9D75CD65CECC}.Debug|iPhone.ActiveCfg = Debug|Any CPU
		{FB59C74B-6151-4422-AEFF-9D75CD65CECC}.Debug|iPhone.Build.0 = Debug|Any CPU
		{FB59C74B-6151-4422-AEFF-9D75CD65CECC}.Debug|iPhone.Deploy.0 = Debug|Any CPU
		{FB59C74B-6151-4422-AEFF-9D75CD65CECC}.Debug|iPhoneSimulator.ActiveCfg = Debug|Any CPU
		{FB59C74B-6151-4422-AEFF-9D75CD65CECC}.Debug|iPhoneSimulator.Build.0 = Debug|Any CPU
		{FB59C74B-6151-4422-AEFF-9D75CD65CECC}.Debug|iPhoneSimulator.Deploy.0 = Debug|Any CPU
		{FB59C74B-6151-4422-AEFF-9D75CD65CECC}.Debug|x64.ActiveCfg = Debug|Any CPU
		{FB59C74B-6151-4422-AEFF-9D75CD65CECC}.Debug|x64.Build.0 = Debug|Any CPU
		{FB59C74B-6151-4422-AEFF-9D75CD65CECC}.Debug|x64.Deploy.0 = Debug|Any CPU
		{FB59C74B-6151-4422-AEFF-9D75CD65CECC}.Debug|x86.ActiveCfg = Debug|Any CPU
		{FB59C74B-6151-4422-AEFF-9D75CD65CECC}.Debug|x86.Build.0 = Debug|Any CPU
		{FB59C74B-6151-4422-AEFF-9D75CD65CECC}.Debug|x86.Deploy.0 = Debug|Any CPU
		{FB59C74B-6151-4422-AEFF-9D75CD65CECC}.Release|Any CPU.ActiveCfg = Release|Any CPU
		{FB59C74B-6151-4422-AEFF-9D75CD65CECC}.Release|Any CPU.Build.0 = Release|Any CPU
		{FB59C74B-6151-4422-AEFF-9D75CD65CECC}.Release|Any CPU.Deploy.0 = Release|Any CPU
		{FB59C74B-6151-4422-AEFF-9D75CD65CECC}.Release|ARM.ActiveCfg = Release|Any CPU
		{FB59C74B-6151-4422-AEFF-9D75CD65CECC}.Release|ARM.Build.0 = Release|Any CPU
		{FB59C74B-6151-4422-AEFF-9D75CD65CECC}.Release|ARM.Deploy.0 = Release|Any CPU
		{FB59C74B-6151-4422-AEFF-9D75CD65CECC}.Release|iPhone.ActiveCfg = Release|Any CPU
		{FB59C74B-6151-4422-AEFF-9D75CD65CECC}.Release|iPhone.Build.0 = Release|Any CPU
		{FB59C74B-6151-4422-AEFF-9D75CD65CECC}.Release|iPhone.Deploy.0 = Release|Any CPU
		{FB59C74B-6151-4422-AEFF-9D75CD65CECC}.Release|iPhoneSimulator.ActiveCfg = Release|Any CPU
		{FB59C74B-6151-4422-AEFF-9D75CD65CECC}.Release|iPhoneSimulator.Build.0 = Release|Any CPU
		{FB59C74B-6151-4422-AEFF-9D75CD65CECC}.Release|iPhoneSimulator.Deploy.0 = Release|Any CPU
		{FB59C74B-6151-4422-AEFF-9D75CD65CECC}.Release|x64.ActiveCfg = Release|Any CPU
		{FB59C74B-6151-4422-AEFF-9D75CD65CECC}.Release|x64.Build.0 = Release|Any CPU
		{FB59C74B-6151-4422-AEFF-9D75CD65CECC}.Release|x64.Deploy.0 = Release|Any CPU
		{FB59C74B-6151-4422-AEFF-9D75CD65CECC}.Release|x86.ActiveCfg = Release|Any CPU
		{FB59C74B-6151-4422-AEFF-9D75CD65CECC}.Release|x86.Build.0 = Release|Any CPU
		{FB59C74B-6151-4422-AEFF-9D75CD65CECC}.Release|x86.Deploy.0 = Release|Any CPU
	EndGlobalSection
	GlobalSection(SolutionProperties) = preSolution
		HideSolutionNode = FALSE
	EndGlobalSection
	GlobalSection(ExtensibilityGlobals) = postSolution
		SolutionGuid = {8210A3A6-C684-496A-B455-A888E2C6CEDC}
	EndGlobalSection
EndGlobal
